
Microsoft Visual Studio Solution File, Format Version 12.00
# Visual Studio 15
VisualStudioVersion = 15.0.26228.4
MinimumVisualStudioVersion = 10.0.40219.1
Project("{FAE04EC0-301F-11D3-BF4B-00C04F79EFBC}") = "WebApplication1", "WebApplication1\WebApplication1.csproj", "{03065DF1-D13C-4DD5-ACA8-6773311DAF21}"
EndProject
Project("{FAE04EC0-301F-11D3-BF4B-00C04F79EFBC}") = "LogUtil", "LogUtil\LogUtil.csproj", "{9E6E0792-1D00-4728-9BAA-5B953D44A51E}"
EndProject
Project("{FAE04EC0-301F-11D3-BF4B-00C04F79EFBC}") = "JwtGenerate", "JwtGenerate\JwtGenerate.csproj", "{5FD21F5C-052E-46E2-ABEF-4832338AF352}"
EndProject
Project("{FAE04EC0-301F-11D3-BF4B-00C04F79EFBC}") = "AuthorizeDal", "AuthorizeDal\AuthorizeDal.csproj", "{6E00C460-980E-4FF8-86F6-92A3E1B6FF18}"
EndProject
Project("{FAE04EC0-301F-11D3-BF4B-00C04F79EFBC}") = "Enums", "Enums\Enums.csproj", "{B4077DDA-690A-40E7-9A00-992031350FC2}"
EndProject
Project("{FAE04EC0-301F-11D3-BF4B-00C04F79EFBC}") = "AuthorizeBll", "AuthorizeBll\AuthorizeBll.csproj", "{D51ACCC4-F190-485A-94A1-F40B5B928053}"
EndProject
Global
	GlobalSection(SolutionConfigurationPlatforms) = preSolution
		Debug|Any CPU = Debug|Any CPU
		Release|Any CPU = Release|Any CPU
	EndGlobalSection
	GlobalSection(ProjectConfigurationPlatforms) = postSolution
		{03065DF1-D13C-4DD5-ACA8-6773311DAF21}.Debug|Any CPU.ActiveCfg = Debug|Any CPU
		{03065DF1-D13C-4DD5-ACA8-6773311DAF21}.Debug|Any CPU.Build.0 = Debug|Any CPU
		{03065DF1-D13C-4DD5-ACA8-6773311DAF21}.Release|Any CPU.ActiveCfg = Release|Any CPU
		{03065DF1-D13C-4DD5-ACA8-6773311DAF21}.Release|Any CPU.Build.0 = Release|Any CPU
		{9E6E0792-1D00-4728-9BAA-5B953D44A51E}.Debug|Any CPU.ActiveCfg = Debug|Any CPU
		{9E6E0792-1D00-4728-9BAA-5B953D44A51E}.Debug|Any CPU.Build.0 = Debug|Any CPU
		{9E6E0792-1D00-4728-9BAA-5B953D44A51E}.Release|Any CPU.ActiveCfg = Release|Any CPU
		{9E6E0792-1D00-4728-9BAA-5B953D44A51E}.Release|Any CPU.Build.0 = Release|Any CPU
		{5FD21F5C-052E-46E2-ABEF-4832338AF352}.Debug|Any CPU.ActiveCfg = Debug|Any CPU
		{5FD21F5C-052E-46E2-ABEF-4832338AF352}.Debug|Any CPU.Build.0 = Debug|Any CPU
		{5FD21F5C-052E-46E2-ABEF-4832338AF352}.Release|Any CPU.ActiveCfg = Release|Any CPU
		{5FD21F5C-052E-46E2-ABEF-4832338AF352}.Release|Any CPU.Build.0 = Release|Any CPU
		{6E00C460-980E-4FF8-86F6-92A3E1B6FF18}.Debug|Any CPU.ActiveCfg = Debug|Any CPU
		{6E00C460-980E-4FF8-86F6-92A3E1B6FF18}.Debug|Any CPU.Build.0 = Debug|Any CPU
		{6E00C460-980E-4FF8-86F6-92A3E1B6FF18}.Release|Any CPU.ActiveCfg = Release|Any CPU
		{6E00C460-980E-4FF8-86F6-92A3E1B6FF18}.Release|Any CPU.Build.0 = Release|Any CPU
		{B4077DDA-690A-40E7-9A00-992031350FC2}.Debug|Any CPU.ActiveCfg = Debug|Any CPU
		{B4077DDA-690A-40E7-9A00-992031350FC2}.Debug|Any CPU.Build.0 = Debug|Any CPU
		{B4077DDA-690A-40E7-9A00-992031350FC2}.Release|Any CPU.ActiveCfg = Release|Any CPU
		{B4077DDA-690A-40E7-9A00-992031350FC2}.Release|Any CPU.Build.0 = Release|Any CPU
		{D51ACCC4-F190-485A-94A1-F40B5B928053}.Debug|Any CPU.ActiveCfg = Debug|Any CPU
		{D51ACCC4-F190-485A-94A1-F40B5B928053}.Debug|Any CPU.Build.0 = Debug|Any CPU
		{D51ACCC4-F190-485A-94A1-F40B5B928053}.Release|Any CPU.ActiveCfg = Release|Any CPU
		{D51ACCC4-F190-485A-94A1-F40B5B928053}.Release|Any CPU.Build.0 = Release|Any CPU
	EndGlobalSection
	GlobalSection(SolutionProperties) = preSolution
		HideSolutionNode = FALSE
	EndGlobalSection
EndGlobal
